
Microsoft Visual Studio Solution File, Format Version 12.00
# Visual Studio 14
VisualStudioVersion = 14.0.25420.1
MinimumVisualStudioVersion = 10.0.40219.1
Project("{FAE04EC0-301F-11D3-BF4B-00C04F79EFBC}") = "Client", "Client\Client.csproj", "{B6509926-7E75-4E39-ADA3-1768FC4B1444}"
EndProject
Project("{FAE04EC0-301F-11D3-BF4B-00C04F79EFBC}") = "Visitors", "Visitors\Visitors.csproj", "{5B59177D-948D-4C98-ACD0-C1BB5861BA0B}"
EndProject
Project("{FAE04EC0-301F-11D3-BF4B-00C04F79EFBC}") = "Elements", "Elements\Elements.csproj", "{AB62DE47-C34B-449F-97A9-3A4620CC9F54}"
EndProject
Project("{FAE04EC0-301F-11D3-BF4B-00C04F79EFBC}") = "Tests", "Tests\Tests.csproj", "{0D7B3EA9-C6BD-44A5-834B-A8117913A5E9}"
EndProject
Global
	GlobalSection(SolutionConfigurationPlatforms) = preSolution
		Debug|Any CPU = Debug|Any CPU
		Release|Any CPU = Release|Any CPU
	EndGlobalSection
	GlobalSection(ProjectConfigurationPlatforms) = postSolution
		{B6509926-7E75-4E39-ADA3-1768FC4B1444}.Debug|Any CPU.ActiveCfg = Debug|Any CPU
		{B6509926-7E75-4E39-ADA3-1768FC4B1444}.Debug|Any CPU.Build.0 = Debug|Any CPU
		{B6509926-7E75-4E39-ADA3-1768FC4B1444}.Release|Any CPU.ActiveCfg = Release|Any CPU
		{B6509926-7E75-4E39-ADA3-1768FC4B1444}.Release|Any CPU.Build.0 = Release|Any CPU
		{5B59177D-948D-4C98-ACD0-C1BB5861BA0B}.Debug|Any CPU.ActiveCfg = Debug|Any CPU
		{5B59177D-948D-4C98-ACD0-C1BB5861BA0B}.Debug|Any CPU.Build.0 = Debug|Any CPU
		{5B59177D-948D-4C98-ACD0-C1BB5861BA0B}.Release|Any CPU.ActiveCfg = Release|Any CPU
		{5B59177D-948D-4C98-ACD0-C1BB5861BA0B}.Release|Any CPU.Build.0 = Release|Any CPU
		{AB62DE47-C34B-449F-97A9-3A4620CC9F54}.Debug|Any CPU.ActiveCfg = Debug|Any CPU
		{AB62DE47-C34B-449F-97A9-3A4620CC9F54}.Debug|Any CPU.Build.0 = Debug|Any CPU
		{AB62DE47-C34B-449F-97A9-3A4620CC9F54}.Release|Any CPU.ActiveCfg = Release|Any CPU
		{AB62DE47-C34B-449F-97A9-3A4620CC9F54}.Release|Any CPU.Build.0 = Release|Any CPU
		{0D7B3EA9-C6BD-44A5-834B-A8117913A5E9}.Debug|Any CPU.ActiveCfg = Debug|Any CPU
		{0D7B3EA9-C6BD-44A5-834B-A8117913A5E9}.Debug|Any CPU.Build.0 = Debug|Any CPU
		{0D7B3EA9-C6BD-44A5-834B-A8117913A5E9}.Release|Any CPU.ActiveCfg = Release|Any CPU
		{0D7B3EA9-C6BD-44A5-834B-A8117913A5E9}.Release|Any CPU.Build.0 = Release|Any CPU
	EndGlobalSection
	GlobalSection(SolutionProperties) = preSolution
		HideSolutionNode = FALSE
	EndGlobalSection
EndGlobal
